
Microsoft Visual Studio Solution File, Format Version 12.00
# Visual Studio 15
VisualStudioVersion = 15.0.28307.168
MinimumVisualStudioVersion = 10.0.40219.1
Project("{FAE04EC0-301F-11D3-BF4B-00C04F79EFBC}") = "ExtendCSharpWPF", "ExtendCSharpWPF\ExtendCSharpWPF.csproj", "{C8750CC7-1963-4FDA-BAC3-11D4C573B140}"
EndProject
Global
	GlobalSection(SolutionConfigurationPlatforms) = preSolution
		Debug|Any CPU = Debug|Any CPU
		Release|Any CPU = Release|Any CPU
	EndGlobalSection
	GlobalSection(ProjectConfigurationPlatforms) = postSolution
		{C8750CC7-1963-4FDA-BAC3-11D4C573B140}.Debug|Any CPU.ActiveCfg = Debug|Any CPU
		{C8750CC7-1963-4FDA-BAC3-11D4C573B140}.Debug|Any CPU.Build.0 = Debug|Any CPU
		{C8750CC7-1963-4FDA-BAC3-11D4C573B140}.Release|Any CPU.ActiveCfg = Release|Any CPU
		{C8750CC7-1963-4FDA-BAC3-11D4C573B140}.Release|Any CPU.Build.0 = Release|Any CPU
	EndGlobalSection
	GlobalSection(SolutionProperties) = preSolution
		HideSolutionNode = FALSE
	EndGlobalSection
	GlobalSection(ExtensibilityGlobals) = postSolution
		SolutionGuid = {07150432-FE1C-4938-95A2-AEC004E268FD}
	EndGlobalSection
EndGlobal
